
Microsoft Visual Studio Solution File, Format Version 12.00
# Visual Studio Version 16
VisualStudioVersion = 16.0.30611.23
MinimumVisualStudioVersion = 10.0.40219.1
Project("{FAE04EC0-301F-11D3-BF4B-00C04F79EFBC}") = "MusyXBoy", "MusyXBoy.csproj", "{8AE4D28B-88FA-4CAB-8A10-9FEBE8AF8682}"
EndProject
Project("{9A19103F-16F7-4668-BE54-9A1E7A4F7556}") = "BinarySerializer", "..\submodules\BinarySerializer\src\BinarySerializer.csproj", "{CFB635C5-618C-427B-86C4-DA55E1A23377}"
EndProject
Project("{9A19103F-16F7-4668-BE54-9A1E7A4F7556}") = "BinarySerializer.Audio", "..\submodules\BinarySerializer.Audio\src\BinarySerializer.Audio.csproj", "{648FB729-DAED-42CB-B456-F199302C56D2}"
EndProject
Project("{9A19103F-16F7-4668-BE54-9A1E7A4F7556}") = "BinarySerializer.GBA.Audio", "..\submodules\BinarySerializer.GBA.Audio\src\BinarySerializer.GBA.Audio.csproj", "{6825D5EB-4647-4210-A189-A224001D7FEC}"
EndProject
Global
	GlobalSection(SolutionConfigurationPlatforms) = preSolution
		Debug|Any CPU = Debug|Any CPU
		Release|Any CPU = Release|Any CPU
	EndGlobalSection
	GlobalSection(ProjectConfigurationPlatforms) = postSolution
		{8AE4D28B-88FA-4CAB-8A10-9FEBE8AF8682}.Debug|Any CPU.ActiveCfg = Debug|Any CPU
		{8AE4D28B-88FA-4CAB-8A10-9FEBE8AF8682}.Debug|Any CPU.Build.0 = Debug|Any CPU
		{8AE4D28B-88FA-4CAB-8A10-9FEBE8AF8682}.Release|Any CPU.ActiveCfg = Release|Any CPU
		{8AE4D28B-88FA-4CAB-8A10-9FEBE8AF8682}.Release|Any CPU.Build.0 = Release|Any CPU
		{CFB635C5-618C-427B-86C4-DA55E1A23377}.Debug|Any CPU.ActiveCfg = Debug|Any CPU
		{CFB635C5-618C-427B-86C4-DA55E1A23377}.Debug|Any CPU.Build.0 = Debug|Any CPU
		{CFB635C5-618C-427B-86C4-DA55E1A23377}.Release|Any CPU.ActiveCfg = Release|Any CPU
		{CFB635C5-618C-427B-86C4-DA55E1A23377}.Release|Any CPU.Build.0 = Release|Any CPU
		{648FB729-DAED-42CB-B456-F199302C56D2}.Debug|Any CPU.ActiveCfg = Debug|Any CPU
		{648FB729-DAED-42CB-B456-F199302C56D2}.Debug|Any CPU.Build.0 = Debug|Any CPU
		{648FB729-DAED-42CB-B456-F199302C56D2}.Release|Any CPU.ActiveCfg = Release|Any CPU
		{648FB729-DAED-42CB-B456-F199302C56D2}.Release|Any CPU.Build.0 = Release|Any CPU
		{6825D5EB-4647-4210-A189-A224001D7FEC}.Debug|Any CPU.ActiveCfg = Debug|Any CPU
		{6825D5EB-4647-4210-A189-A224001D7FEC}.Debug|Any CPU.Build.0 = Debug|Any CPU
		{6825D5EB-4647-4210-A189-A224001D7FEC}.Release|Any CPU.ActiveCfg = Release|Any CPU
		{6825D5EB-4647-4210-A189-A224001D7FEC}.Release|Any CPU.Build.0 = Release|Any CPU
	EndGlobalSection
	GlobalSection(SolutionProperties) = preSolution
		HideSolutionNode = FALSE
	EndGlobalSection
	GlobalSection(ExtensibilityGlobals) = postSolution
		SolutionGuid = {010AED88-CE56-4093-82A5-1BBD5CD1CE6E}
	EndGlobalSection
EndGlobal
